
Microsoft Visual Studio Solution File, Format Version 12.00
# Visual Studio 2013
VisualStudioVersion = 12.0.30723.0
MinimumVisualStudioVersion = 10.0.40219.1
Project("{FAE04EC0-301F-11D3-BF4B-00C04F79EFBC}") = "GEDCOM X Model", "Gedcomx.Model\GEDCOM X Model.csproj", "{4629BA54-406E-4CD2-9DC6-CDA2C5206EB7}"
EndProject
Project("{FAE04EC0-301F-11D3-BF4B-00C04F79EFBC}") = "GEDCOM X Command Line Interface", "Gedcomx.CLI\GEDCOM X Command Line Interface.csproj", "{26AEBDF3-DCC8-4FE9-8BC4-796F306E4CA2}"
EndProject
Project("{FAE04EC0-301F-11D3-BF4B-00C04F79EFBC}") = "Gedcomx.CLI.Test", "Gedcomx.CLI.Test\Gedcomx.CLI.Test.csproj", "{2DB621CF-0164-43A6-A31D-811BE8BF3527}"
EndProject
Project("{FAE04EC0-301F-11D3-BF4B-00C04F79EFBC}") = "GEDCOM X Utilities", "Gedcomx.Util\GEDCOM X Utilities.csproj", "{876EA5FA-FAE0-4280-9409-3754F3C8AAA4}"
EndProject
Project("{FAE04EC0-301F-11D3-BF4B-00C04F79EFBC}") = "GEDCOM X FamilySearch Model Extensions", "Gedcomx.Model.Fs\GEDCOM X FamilySearch Model Extensions.csproj", "{FCC74CF5-AD92-4AB2-BECC-CE2882A77796}"
EndProject
Project("{FAE04EC0-301F-11D3-BF4B-00C04F79EFBC}") = "GEDCOM X REST Model Extensions", "Gedcomx.Model.Rs\GEDCOM X REST Model Extensions.csproj", "{A171B653-434F-494D-BDA9-0DC2FCD86BA6}"
EndProject
Project("{FAE04EC0-301F-11D3-BF4B-00C04F79EFBC}") = "Gedcomx.Rs.Api", "Gedcomx.Rs.Api\Gedcomx.Rs.Api.csproj", "{6C4454BD-26BF-43AD-9732-9F1CE4B1CB87}"
EndProject
Project("{FAE04EC0-301F-11D3-BF4B-00C04F79EFBC}") = "Gedcomx.Rs.Api.Test", "Gedcomx.Rs.Api.Test\Gedcomx.Rs.Api.Test.csproj", "{E1599FF7-1CC2-4AB3-9165-2740CFF03425}"
EndProject
Project("{FAE04EC0-301F-11D3-BF4B-00C04F79EFBC}") = "Link", "Link\src\Link\Link.csproj", "{960DCE2C-22FA-4A2F-9A5E-513575B389D5}"
EndProject
Project("{FAE04EC0-301F-11D3-BF4B-00C04F79EFBC}") = "FamilySearch.Api", "FamilySearch.Api\FamilySearch.Api.csproj", "{BB8A28F0-E46B-4E36-AAF8-05F472B1C850}"
EndProject
Project("{FAE04EC0-301F-11D3-BF4B-00C04F79EFBC}") = "GEDCOM X Date", "GEDCOM X Date\GEDCOM X Date.csproj", "{80B68424-7AA2-42DE-A875-FCD2B8C4B52C}"
EndProject
Project("{FAE04EC0-301F-11D3-BF4B-00C04F79EFBC}") = "GEDCOM X File", "GEDCOM X File\GEDCOM X File.csproj", "{360B5135-9CAE-45D9-8C39-10352B88D7BA}"
EndProject
Project("{FAE04EC0-301F-11D3-BF4B-00C04F79EFBC}") = "GEDCOM X Support", "GEDCOM X Support\GEDCOM X Support.csproj", "{4A6F7218-7AA8-40FD-8FE9-E309635242B7}"
EndProject
Project("{2150E333-8FDC-42A3-9474-1A3956D46DE8}") = "Solution Items", "Solution Items", "{15610410-A116-487E-AB6C-58A85593189C}"
	ProjectSection(SolutionItems) = preProject
		README.md = README.md
	EndProjectSection
EndProject
Global
	GlobalSection(SolutionConfigurationPlatforms) = preSolution
		Debug|Any CPU = Debug|Any CPU
		Default|Any CPU = Default|Any CPU
		Release|Any CPU = Release|Any CPU
	EndGlobalSection
	GlobalSection(ProjectConfigurationPlatforms) = postSolution
		{4629BA54-406E-4CD2-9DC6-CDA2C5206EB7}.Debug|Any CPU.ActiveCfg = Debug|Any CPU
		{4629BA54-406E-4CD2-9DC6-CDA2C5206EB7}.Debug|Any CPU.Build.0 = Debug|Any CPU
		{4629BA54-406E-4CD2-9DC6-CDA2C5206EB7}.Default|Any CPU.ActiveCfg = Debug|Any CPU
		{4629BA54-406E-4CD2-9DC6-CDA2C5206EB7}.Default|Any CPU.Build.0 = Debug|Any CPU
		{4629BA54-406E-4CD2-9DC6-CDA2C5206EB7}.Release|Any CPU.ActiveCfg = Release|Any CPU
		{4629BA54-406E-4CD2-9DC6-CDA2C5206EB7}.Release|Any CPU.Build.0 = Release|Any CPU
		{26AEBDF3-DCC8-4FE9-8BC4-796F306E4CA2}.Debug|Any CPU.ActiveCfg = Debug|Any CPU
		{26AEBDF3-DCC8-4FE9-8BC4-796F306E4CA2}.Debug|Any CPU.Build.0 = Debug|Any CPU
		{26AEBDF3-DCC8-4FE9-8BC4-796F306E4CA2}.Default|Any CPU.ActiveCfg = Debug|Any CPU
		{26AEBDF3-DCC8-4FE9-8BC4-796F306E4CA2}.Default|Any CPU.Build.0 = Debug|Any CPU
		{26AEBDF3-DCC8-4FE9-8BC4-796F306E4CA2}.Release|Any CPU.ActiveCfg = Release|Any CPU
		{26AEBDF3-DCC8-4FE9-8BC4-796F306E4CA2}.Release|Any CPU.Build.0 = Release|Any CPU
		{2DB621CF-0164-43A6-A31D-811BE8BF3527}.Debug|Any CPU.ActiveCfg = Debug|Any CPU
		{2DB621CF-0164-43A6-A31D-811BE8BF3527}.Debug|Any CPU.Build.0 = Debug|Any CPU
		{2DB621CF-0164-43A6-A31D-811BE8BF3527}.Default|Any CPU.ActiveCfg = Debug|Any CPU
		{2DB621CF-0164-43A6-A31D-811BE8BF3527}.Default|Any CPU.Build.0 = Debug|Any CPU
		{2DB621CF-0164-43A6-A31D-811BE8BF3527}.Release|Any CPU.ActiveCfg = Release|Any CPU
		{2DB621CF-0164-43A6-A31D-811BE8BF3527}.Release|Any CPU.Build.0 = Release|Any CPU
		{876EA5FA-FAE0-4280-9409-3754F3C8AAA4}.Debug|Any CPU.ActiveCfg = Debug|Any CPU
		{876EA5FA-FAE0-4280-9409-3754F3C8AAA4}.Debug|Any CPU.Build.0 = Debug|Any CPU
		{876EA5FA-FAE0-4280-9409-3754F3C8AAA4}.Default|Any CPU.ActiveCfg = Debug|Any CPU
		{876EA5FA-FAE0-4280-9409-3754F3C8AAA4}.Default|Any CPU.Build.0 = Debug|Any CPU
		{876EA5FA-FAE0-4280-9409-3754F3C8AAA4}.Release|Any CPU.ActiveCfg = Release|Any CPU
		{876EA5FA-FAE0-4280-9409-3754F3C8AAA4}.Release|Any CPU.Build.0 = Release|Any CPU
		{FCC74CF5-AD92-4AB2-BECC-CE2882A77796}.Debug|Any CPU.ActiveCfg = Debug|Any CPU
		{FCC74CF5-AD92-4AB2-BECC-CE2882A77796}.Debug|Any CPU.Build.0 = Debug|Any CPU
		{FCC74CF5-AD92-4AB2-BECC-CE2882A77796}.Default|Any CPU.ActiveCfg = Debug|Any CPU
		{FCC74CF5-AD92-4AB2-BECC-CE2882A77796}.Default|Any CPU.Build.0 = Debug|Any CPU
		{FCC74CF5-AD92-4AB2-BECC-CE2882A77796}.Release|Any CPU.ActiveCfg = Release|Any CPU
		{FCC74CF5-AD92-4AB2-BECC-CE2882A77796}.Release|Any CPU.Build.0 = Release|Any CPU
		{A171B653-434F-494D-BDA9-0DC2FCD86BA6}.Debug|Any CPU.ActiveCfg = Debug|Any CPU
		{A171B653-434F-494D-BDA9-0DC2FCD86BA6}.Debug|Any CPU.Build.0 = Debug|Any CPU
		{A171B653-434F-494D-BDA9-0DC2FCD86BA6}.Default|Any CPU.ActiveCfg = Debug|Any CPU
		{A171B653-434F-494D-BDA9-0DC2FCD86BA6}.Default|Any CPU.Build.0 = Debug|Any CPU
		{A171B653-434F-494D-BDA9-0DC2FCD86BA6}.Release|Any CPU.ActiveCfg = Release|Any CPU
		{A171B653-434F-494D-BDA9-0DC2FCD86BA6}.Release|Any CPU.Build.0 = Release|Any CPU
		{6C4454BD-26BF-43AD-9732-9F1CE4B1CB87}.Debug|Any CPU.ActiveCfg = Debug|Any CPU
		{6C4454BD-26BF-43AD-9732-9F1CE4B1CB87}.Debug|Any CPU.Build.0 = Debug|Any CPU
		{6C4454BD-26BF-43AD-9732-9F1CE4B1CB87}.Default|Any CPU.ActiveCfg = Debug|Any CPU
		{6C4454BD-26BF-43AD-9732-9F1CE4B1CB87}.Default|Any CPU.Build.0 = Debug|Any CPU
		{6C4454BD-26BF-43AD-9732-9F1CE4B1CB87}.Release|Any CPU.ActiveCfg = Release|Any CPU
		{6C4454BD-26BF-43AD-9732-9F1CE4B1CB87}.Release|Any CPU.Build.0 = Release|Any CPU
		{E1599FF7-1CC2-4AB3-9165-2740CFF03425}.Debug|Any CPU.ActiveCfg = Debug|Any CPU
		{E1599FF7-1CC2-4AB3-9165-2740CFF03425}.Debug|Any CPU.Build.0 = Debug|Any CPU
		{E1599FF7-1CC2-4AB3-9165-2740CFF03425}.Default|Any CPU.ActiveCfg = Debug|Any CPU
		{E1599FF7-1CC2-4AB3-9165-2740CFF03425}.Default|Any CPU.Build.0 = Debug|Any CPU
		{E1599FF7-1CC2-4AB3-9165-2740CFF03425}.Release|Any CPU.ActiveCfg = Release|Any CPU
		{E1599FF7-1CC2-4AB3-9165-2740CFF03425}.Release|Any CPU.Build.0 = Release|Any CPU
		{960DCE2C-22FA-4A2F-9A5E-513575B389D5}.Debug|Any CPU.ActiveCfg = Debug|Any CPU
		{960DCE2C-22FA-4A2F-9A5E-513575B389D5}.Debug|Any CPU.Build.0 = Debug|Any CPU
		{960DCE2C-22FA-4A2F-9A5E-513575B389D5}.Default|Any CPU.ActiveCfg = Debug|Any CPU
		{960DCE2C-22FA-4A2F-9A5E-513575B389D5}.Default|Any CPU.Build.0 = Debug|Any CPU
		{960DCE2C-22FA-4A2F-9A5E-513575B389D5}.Release|Any CPU.ActiveCfg = Release|Any CPU
		{960DCE2C-22FA-4A2F-9A5E-513575B389D5}.Release|Any CPU.Build.0 = Release|Any CPU
		{BB8A28F0-E46B-4E36-AAF8-05F472B1C850}.Debug|Any CPU.ActiveCfg = Debug|Any CPU
		{BB8A28F0-E46B-4E36-AAF8-05F472B1C850}.Debug|Any CPU.Build.0 = Debug|Any CPU
		{BB8A28F0-E46B-4E36-AAF8-05F472B1C850}.Default|Any CPU.ActiveCfg = Debug|Any CPU
		{BB8A28F0-E46B-4E36-AAF8-05F472B1C850}.Default|Any CPU.Build.0 = Debug|Any CPU
		{BB8A28F0-E46B-4E36-AAF8-05F472B1C850}.Release|Any CPU.ActiveCfg = Release|Any CPU
		{BB8A28F0-E46B-4E36-AAF8-05F472B1C850}.Release|Any CPU.Build.0 = Release|Any CPU
		{80B68424-7AA2-42DE-A875-FCD2B8C4B52C}.Debug|Any CPU.ActiveCfg = Debug|Any CPU
		{80B68424-7AA2-42DE-A875-FCD2B8C4B52C}.Debug|Any CPU.Build.0 = Debug|Any CPU
		{80B68424-7AA2-42DE-A875-FCD2B8C4B52C}.Default|Any CPU.ActiveCfg = Debug|Any CPU
		{80B68424-7AA2-42DE-A875-FCD2B8C4B52C}.Default|Any CPU.Build.0 = Debug|Any CPU
		{80B68424-7AA2-42DE-A875-FCD2B8C4B52C}.Release|Any CPU.ActiveCfg = Release|Any CPU
		{80B68424-7AA2-42DE-A875-FCD2B8C4B52C}.Release|Any CPU.Build.0 = Release|Any CPU
		{360B5135-9CAE-45D9-8C39-10352B88D7BA}.Debug|Any CPU.ActiveCfg = Debug|Any CPU
		{360B5135-9CAE-45D9-8C39-10352B88D7BA}.Debug|Any CPU.Build.0 = Debug|Any CPU
		{360B5135-9CAE-45D9-8C39-10352B88D7BA}.Default|Any CPU.ActiveCfg = Debug|Any CPU
		{360B5135-9CAE-45D9-8C39-10352B88D7BA}.Default|Any CPU.Build.0 = Debug|Any CPU
		{360B5135-9CAE-45D9-8C39-10352B88D7BA}.Release|Any CPU.ActiveCfg = Release|Any CPU
		{360B5135-9CAE-45D9-8C39-10352B88D7BA}.Release|Any CPU.Build.0 = Release|Any CPU
		{4A6F7218-7AA8-40FD-8FE9-E309635242B7}.Debug|Any CPU.ActiveCfg = Debug|Any CPU
		{4A6F7218-7AA8-40FD-8FE9-E309635242B7}.Debug|Any CPU.Build.0 = Debug|Any CPU
		{4A6F7218-7AA8-40FD-8FE9-E309635242B7}.Default|Any CPU.ActiveCfg = Debug|Any CPU
		{4A6F7218-7AA8-40FD-8FE9-E309635242B7}.Default|Any CPU.Build.0 = Debug|Any CPU
		{4A6F7218-7AA8-40FD-8FE9-E309635242B7}.Release|Any CPU.ActiveCfg = Release|Any CPU
		{4A6F7218-7AA8-40FD-8FE9-E309635242B7}.Release|Any CPU.Build.0 = Release|Any CPU
	EndGlobalSection
	GlobalSection(SolutionProperties) = preSolution
		HideSolutionNode = FALSE
	EndGlobalSection
	GlobalSection(MonoDevelopProperties) = preSolution
		StartupItem = Gedcomx.CLI\GEDCOM X Command Line Interface.csproj
	EndGlobalSection
EndGlobal
